
Microsoft Visual Studio Solution File, Format Version 12.00
# Visual Studio Version 17
VisualStudioVersion = 17.5.33516.290
MinimumVisualStudioVersion = 10.0.40219.1
Project("{FAE04EC0-301F-11D3-BF4B-00C04F79EFBC}") = "BS1537CsharpBasic", "BS1537CsharpBasic\BS1537CsharpBasic.csproj", "{7CC64EFE-DFE3-47E4-B2D0-40744FE6222A}"
EndProject
Global
	GlobalSection(SolutionConfigurationPlatforms) = preSolution
		Debug|Any CPU = Debug|Any CPU
		Release|Any CPU = Release|Any CPU
	EndGlobalSection
	GlobalSection(ProjectConfigurationPlatforms) = postSolution
		{7CC64EFE-DFE3-47E4-B2D0-40744FE6222A}.Debug|Any CPU.ActiveCfg = Debug|Any CPU
		{7CC64EFE-DFE3-47E4-B2D0-40744FE6222A}.Debug|Any CPU.Build.0 = Debug|Any CPU
		{7CC64EFE-DFE3-47E4-B2D0-40744FE6222A}.Release|Any CPU.ActiveCfg = Release|Any CPU
		{7CC64EFE-DFE3-47E4-B2D0-40744FE6222A}.Release|Any CPU.Build.0 = Release|Any CPU
	EndGlobalSection
	GlobalSection(SolutionProperties) = preSolution
		HideSolutionNode = FALSE
	EndGlobalSection
	GlobalSection(ExtensibilityGlobals) = postSolution
		SolutionGuid = {494214FC-EE98-43D7-9DD1-5935956E2794}
	EndGlobalSection
EndGlobal
